
Microsoft Visual Studio Solution File, Format Version 12.00
# Visual Studio Version 16
VisualStudioVersion = 16.0.30225.117
MinimumVisualStudioVersion = 10.0.40219.1
Project("{FAE04EC0-301F-11D3-BF4B-00C04F79EFBC}") = "App 1", "App 1\App 1.csproj", "{685FF24C-C650-40A9-BAF0-94543123BE3C}"
EndProject
Global
	GlobalSection(SolutionConfigurationPlatforms) = preSolution
		Debug|Any CPU = Debug|Any CPU
		Release|Any CPU = Release|Any CPU
	EndGlobalSection
	GlobalSection(ProjectConfigurationPlatforms) = postSolution
		{685FF24C-C650-40A9-BAF0-94543123BE3C}.Debug|Any CPU.ActiveCfg = Debug|Any CPU
		{685FF24C-C650-40A9-BAF0-94543123BE3C}.Debug|Any CPU.Build.0 = Debug|Any CPU
		{685FF24C-C650-40A9-BAF0-94543123BE3C}.Release|Any CPU.ActiveCfg = Release|Any CPU
		{685FF24C-C650-40A9-BAF0-94543123BE3C}.Release|Any CPU.Build.0 = Release|Any CPU
	EndGlobalSection
	GlobalSection(SolutionProperties) = preSolution
		HideSolutionNode = FALSE
	EndGlobalSection
	GlobalSection(ExtensibilityGlobals) = postSolution
		SolutionGuid = {FF6DBA0B-0740-43C0-A7C6-FB1E7971498D}
	EndGlobalSection
EndGlobal
